
Microsoft Visual Studio Solution File, Format Version 12.00
# Visual Studio Version 16
VisualStudioVersion = 16.0.32413.511
MinimumVisualStudioVersion = 10.0.40219.1
Project("{2150E333-8FDC-42A3-9474-1A3956D46DE8}") = "Application", "Application", "{299353E1-FF93-4644-8B1F-26F9F68728E6}"
EndProject
Project("{2150E333-8FDC-42A3-9474-1A3956D46DE8}") = "Domain", "Domain", "{FC42FEF2-39AF-4365-BE64-CEF4044A8F2E}"
EndProject
Project("{2150E333-8FDC-42A3-9474-1A3956D46DE8}") = "Infra.IoC", "Infra.IoC", "{D14F6CC2-1E5F-4943-B808-01CB053CB4F0}"
EndProject
Project("{2150E333-8FDC-42A3-9474-1A3956D46DE8}") = "Infra.Data", "Infra.Data", "{A093535E-CA87-4C9E-A0D6-FD5F674F8FE7}"
EndProject
Project("{2150E333-8FDC-42A3-9474-1A3956D46DE8}") = "Presentation", "Presentation", "{DF9B443C-D6F3-4EC1-BD95-8061405D51C6}"
EndProject
Project("{9A19103F-16F7-4668-BE54-9A1E7A4F7556}") = "CleanArch.Mvc", "CleanArch.Mvc\CleanArch.Mvc.csproj", "{E43B64FB-D4FC-440D-A69D-1FAB15EAC147}"
EndProject
Project("{9A19103F-16F7-4668-BE54-9A1E7A4F7556}") = "CleanArch.Domain", "CleanArch.Domain\CleanArch.Domain.csproj", "{C7B285A6-B7F4-4D47-9F2D-55F6C6381484}"
EndProject
Project("{9A19103F-16F7-4668-BE54-9A1E7A4F7556}") = "CleanArch.Infra.Data", "CleanArch.Infra.Data\CleanArch.Infra.Data.csproj", "{2A19495E-AE2F-480C-9ACA-26BAC9D356E3}"
EndProject
Project("{FAE04EC0-301F-11D3-BF4B-00C04F79EFBC}") = "CleanArch.Application", "CleanArch.Application\CleanArch.Application.csproj", "{C8B3F46B-0566-4EA0-919B-E45BBDAA7E41}"
EndProject
Project("{FAE04EC0-301F-11D3-BF4B-00C04F79EFBC}") = "CleanArch.Infra.IoC", "CleanArch.Infra.IoC\CleanArch.Infra.IoC.csproj", "{5BE9D176-5BFB-41CD-A74D-8D290EFF2F9D}"
EndProject
Project("{2150E333-8FDC-42A3-9474-1A3956D46DE8}") = "Infra.Bus", "Infra.Bus", "{5687A56F-2311-4EBE-97C2-9D69B4BFC935}"
EndProject
Project("{2150E333-8FDC-42A3-9474-1A3956D46DE8}") = "Api", "Api", "{4DB8514F-46F0-4F98-8FCA-E36CE3F394BC}"
EndProject
Project("{FAE04EC0-301F-11D3-BF4B-00C04F79EFBC}") = "CleanArch.Infra.Bus", "CleanArch.Infra.Bus\CleanArch.Infra.Bus.csproj", "{D84A0D34-D34E-4238-B1FC-DD7EF2CBF25A}"
EndProject
Project("{FAE04EC0-301F-11D3-BF4B-00C04F79EFBC}") = "CleanArch.Domain.Core", "CleanArch.Domain.Core\CleanArch.Domain.Core.csproj", "{9E0BA756-A083-4DAB-94DC-30AB46329D81}"
EndProject
Project("{FAE04EC0-301F-11D3-BF4B-00C04F79EFBC}") = "CleanArch.Api", "CleanArch.Api\CleanArch.Api.csproj", "{248AA451-9BFD-4868-84EB-FBD247CD7C50}"
EndProject
Global
	GlobalSection(SolutionConfigurationPlatforms) = preSolution
		Debug|Any CPU = Debug|Any CPU
		Release|Any CPU = Release|Any CPU
	EndGlobalSection
	GlobalSection(ProjectConfigurationPlatforms) = postSolution
		{E43B64FB-D4FC-440D-A69D-1FAB15EAC147}.Debug|Any CPU.ActiveCfg = Debug|Any CPU
		{E43B64FB-D4FC-440D-A69D-1FAB15EAC147}.Debug|Any CPU.Build.0 = Debug|Any CPU
		{E43B64FB-D4FC-440D-A69D-1FAB15EAC147}.Release|Any CPU.ActiveCfg = Release|Any CPU
		{E43B64FB-D4FC-440D-A69D-1FAB15EAC147}.Release|Any CPU.Build.0 = Release|Any CPU
		{C7B285A6-B7F4-4D47-9F2D-55F6C6381484}.Debug|Any CPU.ActiveCfg = Debug|Any CPU
		{C7B285A6-B7F4-4D47-9F2D-55F6C6381484}.Debug|Any CPU.Build.0 = Debug|Any CPU
		{C7B285A6-B7F4-4D47-9F2D-55F6C6381484}.Release|Any CPU.ActiveCfg = Release|Any CPU
		{C7B285A6-B7F4-4D47-9F2D-55F6C6381484}.Release|Any CPU.Build.0 = Release|Any CPU
		{2A19495E-AE2F-480C-9ACA-26BAC9D356E3}.Debug|Any CPU.ActiveCfg = Debug|Any CPU
		{2A19495E-AE2F-480C-9ACA-26BAC9D356E3}.Debug|Any CPU.Build.0 = Debug|Any CPU
		{2A19495E-AE2F-480C-9ACA-26BAC9D356E3}.Release|Any CPU.ActiveCfg = Release|Any CPU
		{2A19495E-AE2F-480C-9ACA-26BAC9D356E3}.Release|Any CPU.Build.0 = Release|Any CPU
		{C8B3F46B-0566-4EA0-919B-E45BBDAA7E41}.Debug|Any CPU.ActiveCfg = Debug|Any CPU
		{C8B3F46B-0566-4EA0-919B-E45BBDAA7E41}.Debug|Any CPU.Build.0 = Debug|Any CPU
		{C8B3F46B-0566-4EA0-919B-E45BBDAA7E41}.Release|Any CPU.ActiveCfg = Release|Any CPU
		{C8B3F46B-0566-4EA0-919B-E45BBDAA7E41}.Release|Any CPU.Build.0 = Release|Any CPU
		{5BE9D176-5BFB-41CD-A74D-8D290EFF2F9D}.Debug|Any CPU.ActiveCfg = Debug|Any CPU
		{5BE9D176-5BFB-41CD-A74D-8D290EFF2F9D}.Debug|Any CPU.Build.0 = Debug|Any CPU
		{5BE9D176-5BFB-41CD-A74D-8D290EFF2F9D}.Release|Any CPU.ActiveCfg = Release|Any CPU
		{5BE9D176-5BFB-41CD-A74D-8D290EFF2F9D}.Release|Any CPU.Build.0 = Release|Any CPU
		{D84A0D34-D34E-4238-B1FC-DD7EF2CBF25A}.Debug|Any CPU.ActiveCfg = Debug|Any CPU
		{D84A0D34-D34E-4238-B1FC-DD7EF2CBF25A}.Debug|Any CPU.Build.0 = Debug|Any CPU
		{D84A0D34-D34E-4238-B1FC-DD7EF2CBF25A}.Release|Any CPU.ActiveCfg = Release|Any CPU
		{D84A0D34-D34E-4238-B1FC-DD7EF2CBF25A}.Release|Any CPU.Build.0 = Release|Any CPU
		{9E0BA756-A083-4DAB-94DC-30AB46329D81}.Debug|Any CPU.ActiveCfg = Debug|Any CPU
		{9E0BA756-A083-4DAB-94DC-30AB46329D81}.Debug|Any CPU.Build.0 = Debug|Any CPU
		{9E0BA756-A083-4DAB-94DC-30AB46329D81}.Release|Any CPU.ActiveCfg = Release|Any CPU
		{9E0BA756-A083-4DAB-94DC-30AB46329D81}.Release|Any CPU.Build.0 = Release|Any CPU
		{248AA451-9BFD-4868-84EB-FBD247CD7C50}.Debug|Any CPU.ActiveCfg = Debug|Any CPU
		{248AA451-9BFD-4868-84EB-FBD247CD7C50}.Debug|Any CPU.Build.0 = Debug|Any CPU
		{248AA451-9BFD-4868-84EB-FBD247CD7C50}.Release|Any CPU.ActiveCfg = Release|Any CPU
		{248AA451-9BFD-4868-84EB-FBD247CD7C50}.Release|Any CPU.Build.0 = Release|Any CPU
	EndGlobalSection
	GlobalSection(SolutionProperties) = preSolution
		HideSolutionNode = FALSE
	EndGlobalSection
	GlobalSection(NestedProjects) = preSolution
		{E43B64FB-D4FC-440D-A69D-1FAB15EAC147} = {DF9B443C-D6F3-4EC1-BD95-8061405D51C6}
		{C7B285A6-B7F4-4D47-9F2D-55F6C6381484} = {FC42FEF2-39AF-4365-BE64-CEF4044A8F2E}
		{2A19495E-AE2F-480C-9ACA-26BAC9D356E3} = {A093535E-CA87-4C9E-A0D6-FD5F674F8FE7}
		{C8B3F46B-0566-4EA0-919B-E45BBDAA7E41} = {299353E1-FF93-4644-8B1F-26F9F68728E6}
		{5BE9D176-5BFB-41CD-A74D-8D290EFF2F9D} = {D14F6CC2-1E5F-4943-B808-01CB053CB4F0}
		{D84A0D34-D34E-4238-B1FC-DD7EF2CBF25A} = {5687A56F-2311-4EBE-97C2-9D69B4BFC935}
		{9E0BA756-A083-4DAB-94DC-30AB46329D81} = {FC42FEF2-39AF-4365-BE64-CEF4044A8F2E}
		{248AA451-9BFD-4868-84EB-FBD247CD7C50} = {4DB8514F-46F0-4F98-8FCA-E36CE3F394BC}
	EndGlobalSection
	GlobalSection(ExtensibilityGlobals) = postSolution
		SolutionGuid = {A82E5006-C30F-4097-A2E9-24A909776C26}
	EndGlobalSection
EndGlobal
